
Microsoft Visual Studio Solution File, Format Version 12.00
# Visual Studio Version 17
VisualStudioVersion = 17.8.34330.188
MinimumVisualStudioVersion = 10.0.40219.1
Project("{2150E333-8FDC-42A3-9474-1A3956D46DE8}") = "Services", "Services", "{F9BB5AD9-722C-4624-9777-9C2372552820}"
EndProject
Project("{2150E333-8FDC-42A3-9474-1A3956D46DE8}") = "Catalog", "Catalog", "{501A4BF2-0141-4F31-A208-417B1FA8E4C8}"
EndProject
Project("{9A19103F-16F7-4668-BE54-9A1E7A4F7556}") = "MultiShop.Catalog", "Services\Catalog\MultiShop.Catalog\MultiShop.Catalog.csproj", "{D2FACD31-D65D-4B05-8756-DD221030A6F5}"
EndProject
Project("{2150E333-8FDC-42A3-9474-1A3956D46DE8}") = "Discount", "Discount", "{16747B60-1D12-4DB1-AC44-90B3C7CB5694}"
EndProject
Project("{9A19103F-16F7-4668-BE54-9A1E7A4F7556}") = "MultiShop.Discount", "Services\Discount\MultiShop.Discount\MultiShop.Discount.csproj", "{817E98D3-95C2-434E-B142-DCFCB53250EF}"
EndProject
Project("{2150E333-8FDC-42A3-9474-1A3956D46DE8}") = "Order", "Order", "{7F11DC6C-508F-4054-8442-DD331C08904E}"
EndProject
Project("{2150E333-8FDC-42A3-9474-1A3956D46DE8}") = "Core", "Core", "{258A03AE-07F1-4FA0-8FB1-67800CF9C1A6}"
EndProject
Project("{2150E333-8FDC-42A3-9474-1A3956D46DE8}") = "Infrastructure", "Infrastructure", "{8ACC4F58-342C-44B0-BC29-1BF19D40EB23}"
EndProject
Project("{2150E333-8FDC-42A3-9474-1A3956D46DE8}") = "Presentation", "Presentation", "{1637114C-267E-4175-85C4-DBDA2FE747E7}"
EndProject
Project("{9A19103F-16F7-4668-BE54-9A1E7A4F7556}") = "MultiShop.Order.Domain", "Services\Order\Core\MultiShop.Order.Domain\MultiShop.Order.Domain.csproj", "{E7FE9949-9C2C-484B-BCCF-8E53EC7F8383}"
EndProject
Project("{9A19103F-16F7-4668-BE54-9A1E7A4F7556}") = "MultiShop.Order.Application", "Services\Order\Core\MultiShop.Order.Application\MultiShop.Order.Application.csproj", "{81168D28-1621-4546-8DAE-608B7BE6AB8F}"
EndProject
Project("{9A19103F-16F7-4668-BE54-9A1E7A4F7556}") = "MultiShop.Order.Persistence", "Services\Order\Infrastructure\MultiShop.Order.Persistence\MultiShop.Order.Persistence.csproj", "{D486E748-2946-419C-B94F-F34648DE984A}"
EndProject
Project("{9A19103F-16F7-4668-BE54-9A1E7A4F7556}") = "MultiShop.Order.WebApi", "Services\Order\Presentation\MultiShop.Order.WebApi\MultiShop.Order.WebApi.csproj", "{48C19D40-0C77-43E0-901D-69B92A59CB63}"
EndProject
Project("{2150E333-8FDC-42A3-9474-1A3956D46DE8}") = "IdentityServer", "IdentityServer", "{9BA60CA0-1B09-4557-86D0-91BF913F6CED}"
EndProject
Project("{9A19103F-16F7-4668-BE54-9A1E7A4F7556}") = "MultiShop.IdentityServer", "IdentityServer\MultiShop.IdentityServer\MultiShop.IdentityServer.csproj", "{59BA4CDF-2891-4282-A97B-CA4CFE25EBBF}"
EndProject
Project("{2150E333-8FDC-42A3-9474-1A3956D46DE8}") = "Requirements", "Requirements", "{26022EA7-B650-41BD-9EB8-86C62877DB34}"
	ProjectSection(SolutionItems) = preProject
		IdentityServerVersionErrorSolution.txt = IdentityServerVersionErrorSolution.txt
		PortainerCmd.txt = PortainerCmd.txt
		PortNumbers.txt = PortNumbers.txt
		UserExamples.txt = UserExamples.txt
	EndProjectSection
EndProject
Project("{2150E333-8FDC-42A3-9474-1A3956D46DE8}") = "Cargo", "Cargo", "{D8249661-735A-4D40-8D89-4A08A122934A}"
EndProject
Project("{9A19103F-16F7-4668-BE54-9A1E7A4F7556}") = "MultiShop.Cargo.EntityLayer", "Services\Cargo\MultiShop.Cargo.EntityLayer\MultiShop.Cargo.EntityLayer.csproj", "{65C7F8E0-B7C5-45AB-B946-1E6172ED9541}"
EndProject
Project("{9A19103F-16F7-4668-BE54-9A1E7A4F7556}") = "MultiShop.Cargo.BusinessLayer", "Services\Cargo\MultiShop.Cargo.BusinessLayer\MultiShop.Cargo.BusinessLayer.csproj", "{55DBA549-156D-4EEE-A8D5-E1927A4D3D31}"
EndProject
Project("{9A19103F-16F7-4668-BE54-9A1E7A4F7556}") = "MultiShop.Cargo.DataAccessLayer", "Services\Cargo\MultiShop.Cargo.DataAccessLayer\MultiShop.Cargo.DataAccessLayer.csproj", "{5CFF7176-EA76-4858-84AD-489E39A726AB}"
EndProject
Project("{9A19103F-16F7-4668-BE54-9A1E7A4F7556}") = "MultiShop.Cargo.DtoLayer", "Services\Cargo\MultiShop.Cargo.DtoLayer\MultiShop.Cargo.DtoLayer.csproj", "{68711D1C-54D0-44D8-B6F1-8D4E72C27E61}"
EndProject
Project("{9A19103F-16F7-4668-BE54-9A1E7A4F7556}") = "MultiShop.Cargo.WebApi", "Services\Cargo\MultiShop.Cargo.WebApi\MultiShop.Cargo.WebApi.csproj", "{AEC65D46-53E7-4F49-9D8D-CBC68C19E033}"
EndProject
Project("{2150E333-8FDC-42A3-9474-1A3956D46DE8}") = "Basket", "Basket", "{83716AE4-8782-483A-8FBC-21838A962599}"
EndProject
Project("{9A19103F-16F7-4668-BE54-9A1E7A4F7556}") = "MultiShop.Basket", "Services\Basket\MultiShop.Basket\MultiShop.Basket.csproj", "{FBC60DF9-F23B-4E0A-8337-9110C57D046C}"
EndProject
Project("{2150E333-8FDC-42A3-9474-1A3956D46DE8}") = "Frontends", "Frontends", "{46CD5429-5DE0-4BD9-B8EC-04E589875D98}"
EndProject
Project("{9A19103F-16F7-4668-BE54-9A1E7A4F7556}") = "MultiShop.WebUI", "Frontends\MultiShop.WebUI\MultiShop.WebUI.csproj", "{57AB086B-9BCD-4A3B-BA59-C8B94BC84639}"
EndProject
Project("{9A19103F-16F7-4668-BE54-9A1E7A4F7556}") = "MultiShop.DtoLayer", "Frontends\MultiShop.DtoLayer\MultiShop.DtoLayer.csproj", "{733A8B78-9707-4780-A56C-F3F83755B236}"
EndProject
Project("{2150E333-8FDC-42A3-9474-1A3956D46DE8}") = "Comment", "Comment", "{AB43C7A6-4BA5-4BDC-8C40-67234919BA63}"
EndProject
Project("{9A19103F-16F7-4668-BE54-9A1E7A4F7556}") = "MultiShop.Comment", "Services\Comment\MultiShop.Comment\MultiShop.Comment.csproj", "{2E6A5B27-946B-4CC5-933C-45FB5B863F22}"
EndProject
Global
	GlobalSection(SolutionConfigurationPlatforms) = preSolution
		Debug|Any CPU = Debug|Any CPU
		Release|Any CPU = Release|Any CPU
	EndGlobalSection
	GlobalSection(ProjectConfigurationPlatforms) = postSolution
		{D2FACD31-D65D-4B05-8756-DD221030A6F5}.Debug|Any CPU.ActiveCfg = Debug|Any CPU
		{D2FACD31-D65D-4B05-8756-DD221030A6F5}.Debug|Any CPU.Build.0 = Debug|Any CPU
		{D2FACD31-D65D-4B05-8756-DD221030A6F5}.Release|Any CPU.ActiveCfg = Release|Any CPU
		{D2FACD31-D65D-4B05-8756-DD221030A6F5}.Release|Any CPU.Build.0 = Release|Any CPU
		{817E98D3-95C2-434E-B142-DCFCB53250EF}.Debug|Any CPU.ActiveCfg = Debug|Any CPU
		{817E98D3-95C2-434E-B142-DCFCB53250EF}.Debug|Any CPU.Build.0 = Debug|Any CPU
		{817E98D3-95C2-434E-B142-DCFCB53250EF}.Release|Any CPU.ActiveCfg = Release|Any CPU
		{817E98D3-95C2-434E-B142-DCFCB53250EF}.Release|Any CPU.Build.0 = Release|Any CPU
		{E7FE9949-9C2C-484B-BCCF-8E53EC7F8383}.Debug|Any CPU.ActiveCfg = Debug|Any CPU
		{E7FE9949-9C2C-484B-BCCF-8E53EC7F8383}.Debug|Any CPU.Build.0 = Debug|Any CPU
		{E7FE9949-9C2C-484B-BCCF-8E53EC7F8383}.Release|Any CPU.ActiveCfg = Release|Any CPU
		{E7FE9949-9C2C-484B-BCCF-8E53EC7F8383}.Release|Any CPU.Build.0 = Release|Any CPU
		{81168D28-1621-4546-8DAE-608B7BE6AB8F}.Debug|Any CPU.ActiveCfg = Debug|Any CPU
		{81168D28-1621-4546-8DAE-608B7BE6AB8F}.Debug|Any CPU.Build.0 = Debug|Any CPU
		{81168D28-1621-4546-8DAE-608B7BE6AB8F}.Release|Any CPU.ActiveCfg = Release|Any CPU
		{81168D28-1621-4546-8DAE-608B7BE6AB8F}.Release|Any CPU.Build.0 = Release|Any CPU
		{D486E748-2946-419C-B94F-F34648DE984A}.Debug|Any CPU.ActiveCfg = Debug|Any CPU
		{D486E748-2946-419C-B94F-F34648DE984A}.Debug|Any CPU.Build.0 = Debug|Any CPU
		{D486E748-2946-419C-B94F-F34648DE984A}.Release|Any CPU.ActiveCfg = Release|Any CPU
		{D486E748-2946-419C-B94F-F34648DE984A}.Release|Any CPU.Build.0 = Release|Any CPU
		{48C19D40-0C77-43E0-901D-69B92A59CB63}.Debug|Any CPU.ActiveCfg = Debug|Any CPU
		{48C19D40-0C77-43E0-901D-69B92A59CB63}.Debug|Any CPU.Build.0 = Debug|Any CPU
		{48C19D40-0C77-43E0-901D-69B92A59CB63}.Release|Any CPU.ActiveCfg = Release|Any CPU
		{48C19D40-0C77-43E0-901D-69B92A59CB63}.Release|Any CPU.Build.0 = Release|Any CPU
		{59BA4CDF-2891-4282-A97B-CA4CFE25EBBF}.Debug|Any CPU.ActiveCfg = Debug|Any CPU
		{59BA4CDF-2891-4282-A97B-CA4CFE25EBBF}.Debug|Any CPU.Build.0 = Debug|Any CPU
		{59BA4CDF-2891-4282-A97B-CA4CFE25EBBF}.Release|Any CPU.ActiveCfg = Release|Any CPU
		{59BA4CDF-2891-4282-A97B-CA4CFE25EBBF}.Release|Any CPU.Build.0 = Release|Any CPU
		{65C7F8E0-B7C5-45AB-B946-1E6172ED9541}.Debug|Any CPU.ActiveCfg = Debug|Any CPU
		{65C7F8E0-B7C5-45AB-B946-1E6172ED9541}.Debug|Any CPU.Build.0 = Debug|Any CPU
		{65C7F8E0-B7C5-45AB-B946-1E6172ED9541}.Release|Any CPU.ActiveCfg = Release|Any CPU
		{65C7F8E0-B7C5-45AB-B946-1E6172ED9541}.Release|Any CPU.Build.0 = Release|Any CPU
		{55DBA549-156D-4EEE-A8D5-E1927A4D3D31}.Debug|Any CPU.ActiveCfg = Debug|Any CPU
		{55DBA549-156D-4EEE-A8D5-E1927A4D3D31}.Debug|Any CPU.Build.0 = Debug|Any CPU
		{55DBA549-156D-4EEE-A8D5-E1927A4D3D31}.Release|Any CPU.ActiveCfg = Release|Any CPU
		{55DBA549-156D-4EEE-A8D5-E1927A4D3D31}.Release|Any CPU.Build.0 = Release|Any CPU
		{5CFF7176-EA76-4858-84AD-489E39A726AB}.Debug|Any CPU.ActiveCfg = Debug|Any CPU
		{5CFF7176-EA76-4858-84AD-489E39A726AB}.Debug|Any CPU.Build.0 = Debug|Any CPU
		{5CFF7176-EA76-4858-84AD-489E39A726AB}.Release|Any CPU.ActiveCfg = Release|Any CPU
		{5CFF7176-EA76-4858-84AD-489E39A726AB}.Release|Any CPU.Build.0 = Release|Any CPU
		{68711D1C-54D0-44D8-B6F1-8D4E72C27E61}.Debug|Any CPU.ActiveCfg = Debug|Any CPU
		{68711D1C-54D0-44D8-B6F1-8D4E72C27E61}.Debug|Any CPU.Build.0 = Debug|Any CPU
		{68711D1C-54D0-44D8-B6F1-8D4E72C27E61}.Release|Any CPU.ActiveCfg = Release|Any CPU
		{68711D1C-54D0-44D8-B6F1-8D4E72C27E61}.Release|Any CPU.Build.0 = Release|Any CPU
		{AEC65D46-53E7-4F49-9D8D-CBC68C19E033}.Debug|Any CPU.ActiveCfg = Debug|Any CPU
		{AEC65D46-53E7-4F49-9D8D-CBC68C19E033}.Debug|Any CPU.Build.0 = Debug|Any CPU
		{AEC65D46-53E7-4F49-9D8D-CBC68C19E033}.Release|Any CPU.ActiveCfg = Release|Any CPU
		{AEC65D46-53E7-4F49-9D8D-CBC68C19E033}.Release|Any CPU.Build.0 = Release|Any CPU
		{FBC60DF9-F23B-4E0A-8337-9110C57D046C}.Debug|Any CPU.ActiveCfg = Debug|Any CPU
		{FBC60DF9-F23B-4E0A-8337-9110C57D046C}.Debug|Any CPU.Build.0 = Debug|Any CPU
		{FBC60DF9-F23B-4E0A-8337-9110C57D046C}.Release|Any CPU.ActiveCfg = Release|Any CPU
		{FBC60DF9-F23B-4E0A-8337-9110C57D046C}.Release|Any CPU.Build.0 = Release|Any CPU
		{57AB086B-9BCD-4A3B-BA59-C8B94BC84639}.Debug|Any CPU.ActiveCfg = Debug|Any CPU
		{57AB086B-9BCD-4A3B-BA59-C8B94BC84639}.Debug|Any CPU.Build.0 = Debug|Any CPU
		{57AB086B-9BCD-4A3B-BA59-C8B94BC84639}.Release|Any CPU.ActiveCfg = Release|Any CPU
		{57AB086B-9BCD-4A3B-BA59-C8B94BC84639}.Release|Any CPU.Build.0 = Release|Any CPU
		{733A8B78-9707-4780-A56C-F3F83755B236}.Debug|Any CPU.ActiveCfg = Debug|Any CPU
		{733A8B78-9707-4780-A56C-F3F83755B236}.Debug|Any CPU.Build.0 = Debug|Any CPU
		{733A8B78-9707-4780-A56C-F3F83755B236}.Release|Any CPU.ActiveCfg = Release|Any CPU
		{733A8B78-9707-4780-A56C-F3F83755B236}.Release|Any CPU.Build.0 = Release|Any CPU
		{2E6A5B27-946B-4CC5-933C-45FB5B863F22}.Debug|Any CPU.ActiveCfg = Debug|Any CPU
		{2E6A5B27-946B-4CC5-933C-45FB5B863F22}.Debug|Any CPU.Build.0 = Debug|Any CPU
		{2E6A5B27-946B-4CC5-933C-45FB5B863F22}.Release|Any CPU.ActiveCfg = Release|Any CPU
		{2E6A5B27-946B-4CC5-933C-45FB5B863F22}.Release|Any CPU.Build.0 = Release|Any CPU
	EndGlobalSection
	GlobalSection(SolutionProperties) = preSolution
		HideSolutionNode = FALSE
	EndGlobalSection
	GlobalSection(NestedProjects) = preSolution
		{501A4BF2-0141-4F31-A208-417B1FA8E4C8} = {F9BB5AD9-722C-4624-9777-9C2372552820}
		{D2FACD31-D65D-4B05-8756-DD221030A6F5} = {501A4BF2-0141-4F31-A208-417B1FA8E4C8}
		{16747B60-1D12-4DB1-AC44-90B3C7CB5694} = {F9BB5AD9-722C-4624-9777-9C2372552820}
		{817E98D3-95C2-434E-B142-DCFCB53250EF} = {16747B60-1D12-4DB1-AC44-90B3C7CB5694}
		{7F11DC6C-508F-4054-8442-DD331C08904E} = {F9BB5AD9-722C-4624-9777-9C2372552820}
		{258A03AE-07F1-4FA0-8FB1-67800CF9C1A6} = {7F11DC6C-508F-4054-8442-DD331C08904E}
		{8ACC4F58-342C-44B0-BC29-1BF19D40EB23} = {7F11DC6C-508F-4054-8442-DD331C08904E}
		{1637114C-267E-4175-85C4-DBDA2FE747E7} = {7F11DC6C-508F-4054-8442-DD331C08904E}
		{E7FE9949-9C2C-484B-BCCF-8E53EC7F8383} = {258A03AE-07F1-4FA0-8FB1-67800CF9C1A6}
		{81168D28-1621-4546-8DAE-608B7BE6AB8F} = {258A03AE-07F1-4FA0-8FB1-67800CF9C1A6}
		{D486E748-2946-419C-B94F-F34648DE984A} = {8ACC4F58-342C-44B0-BC29-1BF19D40EB23}
		{48C19D40-0C77-43E0-901D-69B92A59CB63} = {1637114C-267E-4175-85C4-DBDA2FE747E7}
		{59BA4CDF-2891-4282-A97B-CA4CFE25EBBF} = {9BA60CA0-1B09-4557-86D0-91BF913F6CED}
		{D8249661-735A-4D40-8D89-4A08A122934A} = {F9BB5AD9-722C-4624-9777-9C2372552820}
		{65C7F8E0-B7C5-45AB-B946-1E6172ED9541} = {D8249661-735A-4D40-8D89-4A08A122934A}
		{55DBA549-156D-4EEE-A8D5-E1927A4D3D31} = {D8249661-735A-4D40-8D89-4A08A122934A}
		{5CFF7176-EA76-4858-84AD-489E39A726AB} = {D8249661-735A-4D40-8D89-4A08A122934A}
		{68711D1C-54D0-44D8-B6F1-8D4E72C27E61} = {D8249661-735A-4D40-8D89-4A08A122934A}
		{AEC65D46-53E7-4F49-9D8D-CBC68C19E033} = {D8249661-735A-4D40-8D89-4A08A122934A}
		{83716AE4-8782-483A-8FBC-21838A962599} = {F9BB5AD9-722C-4624-9777-9C2372552820}
		{FBC60DF9-F23B-4E0A-8337-9110C57D046C} = {83716AE4-8782-483A-8FBC-21838A962599}
		{57AB086B-9BCD-4A3B-BA59-C8B94BC84639} = {46CD5429-5DE0-4BD9-B8EC-04E589875D98}
		{733A8B78-9707-4780-A56C-F3F83755B236} = {46CD5429-5DE0-4BD9-B8EC-04E589875D98}
		{AB43C7A6-4BA5-4BDC-8C40-67234919BA63} = {F9BB5AD9-722C-4624-9777-9C2372552820}
		{2E6A5B27-946B-4CC5-933C-45FB5B863F22} = {AB43C7A6-4BA5-4BDC-8C40-67234919BA63}
	EndGlobalSection
	GlobalSection(ExtensibilityGlobals) = postSolution
		SolutionGuid = {F3C80066-A85E-4929-BBDF-372712FD812C}
	EndGlobalSection
EndGlobal
